
Microsoft Visual Studio Solution File, Format Version 12.00
# Visual Studio 2012
Project("{8BC9CEB8-8B4A-11D0-8D11-00A0C91BC942}") = "ProgrammCatetPramol", "ProgrammCatetPramol\ProgrammCatetPramol.vcxproj", "{124D02B0-73F9-452A-8216-A3A0966B0FA1}"
EndProject
Global
	GlobalSection(SolutionConfigurationPlatforms) = preSolution
		Debug|Win32 = Debug|Win32
		Release|Win32 = Release|Win32
	EndGlobalSection
	GlobalSection(ProjectConfigurationPlatforms) = postSolution
		{124D02B0-73F9-452A-8216-A3A0966B0FA1}.Debug|Win32.ActiveCfg = Debug|Win32
		{124D02B0-73F9-452A-8216-A3A0966B0FA1}.Debug|Win32.Build.0 = Debug|Win32
		{124D02B0-73F9-452A-8216-A3A0966B0FA1}.Release|Win32.ActiveCfg = Release|Win32
		{124D02B0-73F9-452A-8216-A3A0966B0FA1}.Release|Win32.Build.0 = Release|Win32
	EndGlobalSection
	GlobalSection(SolutionProperties) = preSolution
		HideSolutionNode = FALSE
	EndGlobalSection
EndGlobal
