
Microsoft Visual Studio Solution File, Format Version 12.00
# Visual Studio 2012
Project("{8BC9CEB8-8B4A-11D0-8D11-00A0C91BC942}") = "ProgrammTradeGradusi", "ProgrammTradeGradusi\ProgrammTradeGradusi.vcxproj", "{0E232D1F-87DD-4A7E-B5D5-F4E525BFEEFF}"
EndProject
Global
	GlobalSection(SolutionConfigurationPlatforms) = preSolution
		Debug|Win32 = Debug|Win32
		Release|Win32 = Release|Win32
	EndGlobalSection
	GlobalSection(ProjectConfigurationPlatforms) = postSolution
		{0E232D1F-87DD-4A7E-B5D5-F4E525BFEEFF}.Debug|Win32.ActiveCfg = Debug|Win32
		{0E232D1F-87DD-4A7E-B5D5-F4E525BFEEFF}.Debug|Win32.Build.0 = Debug|Win32
		{0E232D1F-87DD-4A7E-B5D5-F4E525BFEEFF}.Release|Win32.ActiveCfg = Release|Win32
		{0E232D1F-87DD-4A7E-B5D5-F4E525BFEEFF}.Release|Win32.Build.0 = Release|Win32
	EndGlobalSection
	GlobalSection(SolutionProperties) = preSolution
		HideSolutionNode = FALSE
	EndGlobalSection
EndGlobal
