
Microsoft Visual Studio Solution File, Format Version 12.00
# Visual Studio 2012
Project("{8BC9CEB8-8B4A-11D0-8D11-00A0C91BC942}") = "ProgrammLineUravnen", "ProgrammLineUravnen\ProgrammLineUravnen.vcxproj", "{E651F920-30DF-49DC-9AD0-E173AF9A798F}"
EndProject
Global
	GlobalSection(SolutionConfigurationPlatforms) = preSolution
		Debug|Win32 = Debug|Win32
		Release|Win32 = Release|Win32
	EndGlobalSection
	GlobalSection(ProjectConfigurationPlatforms) = postSolution
		{E651F920-30DF-49DC-9AD0-E173AF9A798F}.Debug|Win32.ActiveCfg = Debug|Win32
		{E651F920-30DF-49DC-9AD0-E173AF9A798F}.Debug|Win32.Build.0 = Debug|Win32
		{E651F920-30DF-49DC-9AD0-E173AF9A798F}.Release|Win32.ActiveCfg = Release|Win32
		{E651F920-30DF-49DC-9AD0-E173AF9A798F}.Release|Win32.Build.0 = Release|Win32
	EndGlobalSection
	GlobalSection(SolutionProperties) = preSolution
		HideSolutionNode = FALSE
	EndGlobalSection
EndGlobal
