
Microsoft Visual Studio Solution File, Format Version 12.00
# Visual Studio 2012
Project("{8BC9CEB8-8B4A-11D0-8D11-00A0C91BC942}") = "ProgrammDistanceX1andX2", "ProgrammDistanceX1andX2\ProgrammDistanceX1andX2.vcxproj", "{E87BF559-AE54-4751-BF33-7F4FDF801C6D}"
EndProject
Global
	GlobalSection(SolutionConfigurationPlatforms) = preSolution
		Debug|Win32 = Debug|Win32
		Release|Win32 = Release|Win32
	EndGlobalSection
	GlobalSection(ProjectConfigurationPlatforms) = postSolution
		{E87BF559-AE54-4751-BF33-7F4FDF801C6D}.Debug|Win32.ActiveCfg = Debug|Win32
		{E87BF559-AE54-4751-BF33-7F4FDF801C6D}.Debug|Win32.Build.0 = Debug|Win32
		{E87BF559-AE54-4751-BF33-7F4FDF801C6D}.Release|Win32.ActiveCfg = Release|Win32
		{E87BF559-AE54-4751-BF33-7F4FDF801C6D}.Release|Win32.Build.0 = Release|Win32
	EndGlobalSection
	GlobalSection(SolutionProperties) = preSolution
		HideSolutionNode = FALSE
	EndGlobalSection
EndGlobal
