
Microsoft Visual Studio Solution File, Format Version 12.00
# Visual Studio 2012
Project("{8BC9CEB8-8B4A-11D0-8D11-00A0C91BC942}") = "projectTwo", "projectTwo\projectTwo.vcxproj", "{F0EC9FD3-5EF7-4E79-95BA-4831D75C7F0D}"
EndProject
Global
	GlobalSection(SolutionConfigurationPlatforms) = preSolution
		Debug|Win32 = Debug|Win32
		Release|Win32 = Release|Win32
	EndGlobalSection
	GlobalSection(ProjectConfigurationPlatforms) = postSolution
		{F0EC9FD3-5EF7-4E79-95BA-4831D75C7F0D}.Debug|Win32.ActiveCfg = Debug|Win32
		{F0EC9FD3-5EF7-4E79-95BA-4831D75C7F0D}.Debug|Win32.Build.0 = Debug|Win32
		{F0EC9FD3-5EF7-4E79-95BA-4831D75C7F0D}.Release|Win32.ActiveCfg = Release|Win32
		{F0EC9FD3-5EF7-4E79-95BA-4831D75C7F0D}.Release|Win32.Build.0 = Release|Win32
	EndGlobalSection
	GlobalSection(SolutionProperties) = preSolution
		HideSolutionNode = FALSE
	EndGlobalSection
EndGlobal
