
Microsoft Visual Studio Solution File, Format Version 12.00
# Visual Studio 2012
Project("{8BC9CEB8-8B4A-11D0-8D11-00A0C91BC942}") = "ProgrammTradeAandBandC", "ProgrammTradeAandBandC\ProgrammTradeAandBandC.vcxproj", "{A8C98931-4368-409A-8858-E38BD15DA526}"
EndProject
Global
	GlobalSection(SolutionConfigurationPlatforms) = preSolution
		Debug|Win32 = Debug|Win32
		Release|Win32 = Release|Win32
	EndGlobalSection
	GlobalSection(ProjectConfigurationPlatforms) = postSolution
		{A8C98931-4368-409A-8858-E38BD15DA526}.Debug|Win32.ActiveCfg = Debug|Win32
		{A8C98931-4368-409A-8858-E38BD15DA526}.Debug|Win32.Build.0 = Debug|Win32
		{A8C98931-4368-409A-8858-E38BD15DA526}.Release|Win32.ActiveCfg = Release|Win32
		{A8C98931-4368-409A-8858-E38BD15DA526}.Release|Win32.Build.0 = Release|Win32
	EndGlobalSection
	GlobalSection(SolutionProperties) = preSolution
		HideSolutionNode = FALSE
	EndGlobalSection
EndGlobal
